
Microsoft Visual Studio Solution File, Format Version 12.00
# Visual Studio Version 17
VisualStudioVersion = 17.12.35506.116 d17.12
MinimumVisualStudioVersion = 10.0.40219.1
Project("{2150E333-8FDC-42A3-9474-1A3956D46DE8}") = "src", "src", "{C3C8E3D8-8BE3-4BAE-A9DA-944F470A6A6D}"
EndProject
Project("{2150E333-8FDC-42A3-9474-1A3956D46DE8}") = "Naija.Grid.Net", "Naija.Grid.Net", "{EB8A4CEA-73E1-4062-A17D-62CBF2A4381D}"
EndProject
Project("{FAE04EC0-301F-11D3-BF4B-00C04F79EFBC}") = "Naija.Grid.Net", "src\Naija.Grid.Net\Naija.Grid.Net.csproj", "{77D06D10-5BE9-44F1-B34B-5DF7ACB4F15D}"
EndProject
Global
	GlobalSection(SolutionConfigurationPlatforms) = preSolution
		Debug|Any CPU = Debug|Any CPU
		Release|Any CPU = Release|Any CPU
	EndGlobalSection
	GlobalSection(ProjectConfigurationPlatforms) = postSolution
		{77D06D10-5BE9-44F1-B34B-5DF7ACB4F15D}.Debug|Any CPU.ActiveCfg = Debug|Any CPU
		{77D06D10-5BE9-44F1-B34B-5DF7ACB4F15D}.Debug|Any CPU.Build.0 = Debug|Any CPU
		{77D06D10-5BE9-44F1-B34B-5DF7ACB4F15D}.Release|Any CPU.ActiveCfg = Release|Any CPU
		{77D06D10-5BE9-44F1-B34B-5DF7ACB4F15D}.Release|Any CPU.Build.0 = Release|Any CPU
	EndGlobalSection
	GlobalSection(SolutionProperties) = preSolution
		HideSolutionNode = FALSE
	EndGlobalSection
	GlobalSection(NestedProjects) = preSolution
		{EB8A4CEA-73E1-4062-A17D-62CBF2A4381D} = {C3C8E3D8-8BE3-4BAE-A9DA-944F470A6A6D}
		{77D06D10-5BE9-44F1-B34B-5DF7ACB4F15D} = {EB8A4CEA-73E1-4062-A17D-62CBF2A4381D}
	EndGlobalSection
EndGlobal
